// !$*UTF8*$!
{
	archiveVersion = 1;
	classes = {
	};
	objectVersion = 56;
	objects = {

/* Begin PBXBuildFile section */
		EE01861E2B375B0C004F7F77 /* PostsView.swift in Sources */ = {isa = PBXBuildFile; fileRef = EE01861D2B375B0C004F7F77 /* PostsView.swift */; };
		EE0186202B375B4D004F7F77 /* PostsViewModel.swift in Sources */ = {isa = PBXBuildFile; fileRef = EE01861F2B375B4D004F7F77 /* PostsViewModel.swift */; };
		EE0186222B375B66004F7F77 /* PostModel.swift in Sources */ = {isa = PBXBuildFile; fileRef = EE0186212B375B66004F7F77 /* PostModel.swift */; };
		EE0186252B38255D004F7F77 /* MemberContactView.swift in Sources */ = {isa = PBXBuildFile; fileRef = EE0186242B38255D004F7F77 /* MemberContactView.swift */; };
		EE0186272B38258B004F7F77 /* MemberContactViewModel.swift in Sources */ = {isa = PBXBuildFile; fileRef = EE0186262B38258B004F7F77 /* MemberContactViewModel.swift */; };
		EE0186292B385A4E004F7F77 /* PartyTaggedText.swift in Sources */ = {isa = PBXBuildFile; fileRef = EE0186282B385A4E004F7F77 /* PartyTaggedText.swift */; };
		EE020BC42B618A94004C893B /* SkeletonUI in Frameworks */ = {isa = PBXBuildFile; productRef = EE020BC32B618A94004C893B /* SkeletonUI */; };
		EE167D8E2B7A108900415100 /* UnifiedListView.swift in Sources */ = {isa = PBXBuildFile; fileRef = EE167D8D2B7A108900415100 /* UnifiedListView.swift */; };
		EE208E842B7949DC005125BA /* UnifiedListViewModel.swift in Sources */ = {isa = PBXBuildFile; fileRef = EE208E832B7949DC005125BA /* UnifiedListViewModel.swift */; };
		EE29CCC42B6059E10027CBA4 /* ListExtensions.swift in Sources */ = {isa = PBXBuildFile; fileRef = EE29CCC32B6059E10027CBA4 /* ListExtensions.swift */; };
		EE2F06D02B3C50C600462D3C /* AcknowledgementsView.swift in Sources */ = {isa = PBXBuildFile; fileRef = EE2F06CF2B3C50C600462D3C /* AcknowledgementsView.swift */; };
		EE3194D52B6C181200A5F754 /* DummyNavigationLink.swift in Sources */ = {isa = PBXBuildFile; fileRef = EE3194D42B6C181200A5F754 /* DummyNavigationLink.swift */; };
		EE3194D72B6C229200A5F754 /* NoDataView.swift in Sources */ = {isa = PBXBuildFile; fileRef = EE3194D62B6C229200A5F754 /* NoDataView.swift */; };
		EE3194D92B6CCBB800A5F754 /* MemberVoteModel.swift in Sources */ = {isa = PBXBuildFile; fileRef = EE3194D82B6CCBB800A5F754 /* MemberVoteModel.swift */; };
		EE3194DC2B6CD4FE00A5F754 /* MemberCommonsVotesView.swift in Sources */ = {isa = PBXBuildFile; fileRef = EE3194DB2B6CD4FE00A5F754 /* MemberCommonsVotesView.swift */; };
		EE3194DE2B6CD52400A5F754 /* MemberCommonsVotesViewModel.swift in Sources */ = {isa = PBXBuildFile; fileRef = EE3194DD2B6CD52400A5F754 /* MemberCommonsVotesViewModel.swift */; };
		EE3194E02B6CD7CD00A5F754 /* MemberCommonsVoteRow.swift in Sources */ = {isa = PBXBuildFile; fileRef = EE3194DF2B6CD7CD00A5F754 /* MemberCommonsVoteRow.swift */; };
		EE3194E52B6E3BA400A5F754 /* BillStageSittingsView.swift in Sources */ = {isa = PBXBuildFile; fileRef = EE3194E42B6E3BA400A5F754 /* BillStageSittingsView.swift */; };
		EE3194E72B6E3E9C00A5F754 /* BillAmendmentsView.swift in Sources */ = {isa = PBXBuildFile; fileRef = EE3194E62B6E3E9C00A5F754 /* BillAmendmentsView.swift */; };
		EE3194F82B6E55C200A5F754 /* UtilsModel.swift in Sources */ = {isa = PBXBuildFile; fileRef = EE3194F72B6E55C200A5F754 /* UtilsModel.swift */; };
		EE3194FA2B6E55F300A5F754 /* UtilsModelTests.swift in Sources */ = {isa = PBXBuildFile; fileRef = EE3194F92B6E55F300A5F754 /* UtilsModelTests.swift */; };
		EE3194FD2B6F807900A5F754 /* LordsVotesView.swift in Sources */ = {isa = PBXBuildFile; fileRef = EE3194FC2B6F807900A5F754 /* LordsVotesView.swift */; };
		EE3194FF2B6F808C00A5F754 /* LordsVotesViewModel.swift in Sources */ = {isa = PBXBuildFile; fileRef = EE3194FE2B6F808C00A5F754 /* LordsVotesViewModel.swift */; };
		EE3195012B6F80AA00A5F754 /* LordsVoteRow.swift in Sources */ = {isa = PBXBuildFile; fileRef = EE3195002B6F80AA00A5F754 /* LordsVoteRow.swift */; };
		EE3195042B6F83F800A5F754 /* LordsVoteDetailViewModel.swift in Sources */ = {isa = PBXBuildFile; fileRef = EE3195032B6F83F800A5F754 /* LordsVoteDetailViewModel.swift */; };
		EE3195062B6F841700A5F754 /* LordsVoteDetailView.swift in Sources */ = {isa = PBXBuildFile; fileRef = EE3195052B6F841700A5F754 /* LordsVoteDetailView.swift */; };
		EE3195092B6F952700A5F754 /* MemberLordsVotesView.swift in Sources */ = {isa = PBXBuildFile; fileRef = EE3195082B6F952700A5F754 /* MemberLordsVotesView.swift */; };
		EE31950B2B6F954900A5F754 /* MemberLordsVotesViewModel.swift in Sources */ = {isa = PBXBuildFile; fileRef = EE31950A2B6F954900A5F754 /* MemberLordsVotesViewModel.swift */; };
		EE31950D2B6F959900A5F754 /* MemberLordsVoteRow.swift in Sources */ = {isa = PBXBuildFile; fileRef = EE31950C2B6F959900A5F754 /* MemberLordsVoteRow.swift */; };
		EE50F9B92B358F8B00163E52 /* MembersView.swift in Sources */ = {isa = PBXBuildFile; fileRef = EE50F9B82B358F8B00163E52 /* MembersView.swift */; };
		EE50F9BB2B358FA200163E52 /* MembersViewModel.swift in Sources */ = {isa = PBXBuildFile; fileRef = EE50F9BA2B358FA200163E52 /* MembersViewModel.swift */; };
		EE50F9BD2B3592D200163E52 /* MemberRow.swift in Sources */ = {isa = PBXBuildFile; fileRef = EE50F9BC2B3592D200163E52 /* MemberRow.swift */; };
		EE50F9BF2B35A09E00163E52 /* FetchModel.swift in Sources */ = {isa = PBXBuildFile; fileRef = EE50F9BE2B35A09E00163E52 /* FetchModel.swift */; };
		EE50F9C22B35A59700163E52 /* ConstituencyDetailView.swift in Sources */ = {isa = PBXBuildFile; fileRef = EE50F9C12B35A59700163E52 /* ConstituencyDetailView.swift */; };
		EE5AE8262B4C7AC000550126 /* ViewExtensions.swift in Sources */ = {isa = PBXBuildFile; fileRef = EE5AE8252B4C7AC000550126 /* ViewExtensions.swift */; };
		EE86A45F2B344BA6007BEA83 /* UK_ParliamentApp.swift in Sources */ = {isa = PBXBuildFile; fileRef = EE86A45E2B344BA6007BEA83 /* UK_ParliamentApp.swift */; };
		EE86A4612B344BA6007BEA83 /* ContentView.swift in Sources */ = {isa = PBXBuildFile; fileRef = EE86A4602B344BA6007BEA83 /* ContentView.swift */; };
		EE86A4632B344BA7007BEA83 /* Assets.xcassets in Resources */ = {isa = PBXBuildFile; fileRef = EE86A4622B344BA7007BEA83 /* Assets.xcassets */; };
		EE86A4662B344BA7007BEA83 /* Preview Assets.xcassets in Resources */ = {isa = PBXBuildFile; fileRef = EE86A4652B344BA7007BEA83 /* Preview Assets.xcassets */; };
		EE86A4702B344D4C007BEA83 /* PartiesView.swift in Sources */ = {isa = PBXBuildFile; fileRef = EE86A46F2B344D4C007BEA83 /* PartiesView.swift */; };
		EE86A4722B34506F007BEA83 /* HouseModel.swift in Sources */ = {isa = PBXBuildFile; fileRef = EE86A4712B34506F007BEA83 /* HouseModel.swift */; };
		EE86A4742B345131007BEA83 /* PartyModel.swift in Sources */ = {isa = PBXBuildFile; fileRef = EE86A4732B345131007BEA83 /* PartyModel.swift */; };
		EE86A4762B3452F4007BEA83 /* PartiesViewModel.swift in Sources */ = {isa = PBXBuildFile; fileRef = EE86A4752B3452F4007BEA83 /* PartiesViewModel.swift */; };
		EE86A4782B34564C007BEA83 /* PartyRow.swift in Sources */ = {isa = PBXBuildFile; fileRef = EE86A4772B34564C007BEA83 /* PartyRow.swift */; };
		EE8F2CBD2B36341300D771F2 /* ConstituencyElectionDetailViewModel.swift in Sources */ = {isa = PBXBuildFile; fileRef = EE8F2CBC2B36341300D771F2 /* ConstituencyElectionDetailViewModel.swift */; };
		EE8F2CBF2B36C53700D771F2 /* MemberDetailViewModel.swift in Sources */ = {isa = PBXBuildFile; fileRef = EE8F2CBE2B36C53700D771F2 /* MemberDetailViewModel.swift */; };
		EE8F2CC42B36D74F00D771F2 /* RegisteredInterestsView.swift in Sources */ = {isa = PBXBuildFile; fileRef = EE8F2CC32B36D74F00D771F2 /* RegisteredInterestsView.swift */; };
		EE8F2CC72B36D88200D771F2 /* RegisteredInterestModel.swift in Sources */ = {isa = PBXBuildFile; fileRef = EE8F2CC62B36D88200D771F2 /* RegisteredInterestModel.swift */; };
		EE8F2CC92B36DA5600D771F2 /* RegisteredInterestsViewModel.swift in Sources */ = {isa = PBXBuildFile; fileRef = EE8F2CC82B36DA5600D771F2 /* RegisteredInterestsViewModel.swift */; };
		EE8FCD892B7FF2DA00B54609 /* DateExtensions.swift in Sources */ = {isa = PBXBuildFile; fileRef = EE8FCD882B7FF2DA00B54609 /* DateExtensions.swift */; };
		EE97BF8E2B34BF5E00FA950C /* ConstituencyModel.swift in Sources */ = {isa = PBXBuildFile; fileRef = EE97BF8D2B34BF5E00FA950C /* ConstituencyModel.swift */; };
		EE97BF902B34C30800FA950C /* ConstituenciesView.swift in Sources */ = {isa = PBXBuildFile; fileRef = EE97BF8F2B34C30800FA950C /* ConstituenciesView.swift */; };
		EE97BF922B34C32A00FA950C /* ConstituenciesViewModel.swift in Sources */ = {isa = PBXBuildFile; fileRef = EE97BF912B34C32A00FA950C /* ConstituenciesViewModel.swift */; };
		EE97BF942B34C60300FA950C /* MemberModel.swift in Sources */ = {isa = PBXBuildFile; fileRef = EE97BF932B34C60300FA950C /* MemberModel.swift */; };
		EE97BF962B34C6DD00FA950C /* ConstituencyRow.swift in Sources */ = {isa = PBXBuildFile; fileRef = EE97BF952B34C6DD00FA950C /* ConstituencyRow.swift */; };
		EE97BF9C2B3571C800FA950C /* PartyCircleView.swift in Sources */ = {isa = PBXBuildFile; fileRef = EE97BF9B2B3571C800FA950C /* PartyCircleView.swift */; };
		EEEC3B022B38862400A8626D /* BillModel.swift in Sources */ = {isa = PBXBuildFile; fileRef = EEEC3B012B38862400A8626D /* BillModel.swift */; };
		EEEC3B052B388B1900A8626D /* BillsView.swift in Sources */ = {isa = PBXBuildFile; fileRef = EEEC3B042B388B1900A8626D /* BillsView.swift */; };
		EEEC3B072B388B2600A8626D /* BillsViewModel.swift in Sources */ = {isa = PBXBuildFile; fileRef = EEEC3B062B388B2600A8626D /* BillsViewModel.swift */; };
		EEEC3B092B388E5600A8626D /* BillRow.swift in Sources */ = {isa = PBXBuildFile; fileRef = EEEC3B082B388E5600A8626D /* BillRow.swift */; };
		EEEC3B0B2B388F4800A8626D /* CommonsBadge.swift in Sources */ = {isa = PBXBuildFile; fileRef = EEEC3B0A2B388F4800A8626D /* CommonsBadge.swift */; };
		EEEC3B0D2B388FE100A8626D /* LordsBadge.swift in Sources */ = {isa = PBXBuildFile; fileRef = EEEC3B0C2B388FE100A8626D /* LordsBadge.swift */; };
		EEEC3B102B3896EF00A8626D /* BillDetailView.swift in Sources */ = {isa = PBXBuildFile; fileRef = EEEC3B0F2B3896EF00A8626D /* BillDetailView.swift */; };
		EEEC3B122B38971600A8626D /* BillDetailViewModel.swift in Sources */ = {isa = PBXBuildFile; fileRef = EEEC3B112B38971600A8626D /* BillDetailViewModel.swift */; };
		EEEC3B142B3899EC00A8626D /* SponsorRow.swift in Sources */ = {isa = PBXBuildFile; fileRef = EEEC3B132B3899EC00A8626D /* SponsorRow.swift */; };
		EEEC3B162B389F9D00A8626D /* BillStageBadge.swift in Sources */ = {isa = PBXBuildFile; fileRef = EEEC3B152B389F9D00A8626D /* BillStageBadge.swift */; };
		EEEC3B192B38A3FD00A8626D /* ColorExtensions.swift in Sources */ = {isa = PBXBuildFile; fileRef = EEEC3B182B38A3FD00A8626D /* ColorExtensions.swift */; };
		EEEC3B1B2B38A51D00A8626D /* StringExtensions.swift in Sources */ = {isa = PBXBuildFile; fileRef = EEEC3B1A2B38A51D00A8626D /* StringExtensions.swift */; };
		EEEC3B1E2B38ADC500A8626D /* BillStagesView.swift in Sources */ = {isa = PBXBuildFile; fileRef = EEEC3B1D2B38ADC500A8626D /* BillStagesView.swift */; };
		EEEC3B202B38AE7300A8626D /* BillStageRow.swift in Sources */ = {isa = PBXBuildFile; fileRef = EEEC3B1F2B38AE7300A8626D /* BillStageRow.swift */; };
		EEEC3B222B38AED000A8626D /* BillStagesViewModel.swift in Sources */ = {isa = PBXBuildFile; fileRef = EEEC3B212B38AED000A8626D /* BillStagesViewModel.swift */; };
		EEEC3B252B38BA7900A8626D /* BillPublicationsView.swift in Sources */ = {isa = PBXBuildFile; fileRef = EEEC3B242B38BA7900A8626D /* BillPublicationsView.swift */; };
		EEEC3B272B38BAF500A8626D /* BillPublicationsViewModel.swift in Sources */ = {isa = PBXBuildFile; fileRef = EEEC3B262B38BAF500A8626D /* BillPublicationsViewModel.swift */; };
		EEEC3B292B38BCD200A8626D /* BillPublicationRow.swift in Sources */ = {isa = PBXBuildFile; fileRef = EEEC3B282B38BCD200A8626D /* BillPublicationRow.swift */; };
		EEEC3B2C2B38C06100A8626D /* BillPublicationLinksView.swift in Sources */ = {isa = PBXBuildFile; fileRef = EEEC3B2B2B38C06100A8626D /* BillPublicationLinksView.swift */; };
		EEEC3B2F2B397BEA00A8626D /* ContextModel.swift in Sources */ = {isa = PBXBuildFile; fileRef = EEEC3B2E2B397BEA00A8626D /* ContextModel.swift */; };
		EEEC3B312B3983C100A8626D /* NavigationModels.swift in Sources */ = {isa = PBXBuildFile; fileRef = EEEC3B302B3983C100A8626D /* NavigationModels.swift */; };
		EEEC3B332B398ADA00A8626D /* ContextAwareNavigationLink.swift in Sources */ = {isa = PBXBuildFile; fileRef = EEEC3B322B398ADA00A8626D /* ContextAwareNavigationLink.swift */; };
		EEEC3B362B39A2C700A8626D /* VoteModel.swift in Sources */ = {isa = PBXBuildFile; fileRef = EEEC3B352B39A2C700A8626D /* VoteModel.swift */; };
		EEEC3B392B39A97900A8626D /* CommonsVotesView.swift in Sources */ = {isa = PBXBuildFile; fileRef = EEEC3B382B39A97900A8626D /* CommonsVotesView.swift */; };
		EEEC3B3B2B39A98900A8626D /* CommonsVotesViewModel.swift in Sources */ = {isa = PBXBuildFile; fileRef = EEEC3B3A2B39A98900A8626D /* CommonsVotesViewModel.swift */; };
		EEEC3B3D2B39AC4600A8626D /* CommonsVoteRow.swift in Sources */ = {isa = PBXBuildFile; fileRef = EEEC3B3C2B39AC4600A8626D /* CommonsVoteRow.swift */; };
		EEEC3B402B39B54200A8626D /* CommonsVoteDetailView.swift in Sources */ = {isa = PBXBuildFile; fileRef = EEEC3B3F2B39B54200A8626D /* CommonsVoteDetailView.swift */; };
		EEEC3B422B39B55000A8626D /* CommonsVoteDetailViewModel.swift in Sources */ = {isa = PBXBuildFile; fileRef = EEEC3B412B39B55000A8626D /* CommonsVoteDetailViewModel.swift */; };
		EEEC3B442B39B83A00A8626D /* VoterRow.swift in Sources */ = {isa = PBXBuildFile; fileRef = EEEC3B432B39B83A00A8626D /* VoterRow.swift */; };
		EEFC7C992B35B4E000183203 /* MemberPictureView.swift in Sources */ = {isa = PBXBuildFile; fileRef = EEFC7C982B35B4E000183203 /* MemberPictureView.swift */; };
		EEFC7C9B2B36132200183203 /* MemberDetailView.swift in Sources */ = {isa = PBXBuildFile; fileRef = EEFC7C9A2B36132200183203 /* MemberDetailView.swift */; };
		EEFC7C9D2B36140400183203 /* ElectionResultModel.swift in Sources */ = {isa = PBXBuildFile; fileRef = EEFC7C9C2B36140400183203 /* ElectionResultModel.swift */; };
		EEFC7C9F2B3615AD00183203 /* ConstituencyDetailViewModel.swift in Sources */ = {isa = PBXBuildFile; fileRef = EEFC7C9E2B3615AD00183203 /* ConstituencyDetailViewModel.swift */; };
		EEFC7CA32B36290B00183203 /* ConstituencyElectionDetailView.swift in Sources */ = {isa = PBXBuildFile; fileRef = EEFC7CA22B36290B00183203 /* ConstituencyElectionDetailView.swift */; };
/* End PBXBuildFile section */

/* Begin PBXContainerItemProxy section */
		EE3194F02B6E550900A5F754 /* PBXContainerItemProxy */ = {
			isa = PBXContainerItemProxy;
			containerPortal = EE86A4532B344BA6007BEA83 /* Project object */;
			proxyType = 1;
			remoteGlobalIDString = EE86A45A2B344BA6007BEA83;
			remoteInfo = "UK Parliament";
		};
/* End PBXContainerItemProxy section */

/* Begin PBXFileReference section */
		EE01861D2B375B0C004F7F77 /* PostsView.swift */ = {isa = PBXFileReference; lastKnownFileType = sourcecode.swift; path = PostsView.swift; sourceTree = "<group>"; };
		EE01861F2B375B4D004F7F77 /* PostsViewModel.swift */ = {isa = PBXFileReference; lastKnownFileType = sourcecode.swift; path = PostsViewModel.swift; sourceTree = "<group>"; };
		EE0186212B375B66004F7F77 /* PostModel.swift */ = {isa = PBXFileReference; lastKnownFileType = sourcecode.swift; path = PostModel.swift; sourceTree = "<group>"; };
		EE0186242B38255D004F7F77 /* MemberContactView.swift */ = {isa = PBXFileReference; lastKnownFileType = sourcecode.swift; path = MemberContactView.swift; sourceTree = "<group>"; };
		EE0186262B38258B004F7F77 /* MemberContactViewModel.swift */ = {isa = PBXFileReference; lastKnownFileType = sourcecode.swift; path = MemberContactViewModel.swift; sourceTree = "<group>"; };
		EE0186282B385A4E004F7F77 /* PartyTaggedText.swift */ = {isa = PBXFileReference; lastKnownFileType = sourcecode.swift; path = PartyTaggedText.swift; sourceTree = "<group>"; };
		EE167D8D2B7A108900415100 /* UnifiedListView.swift */ = {isa = PBXFileReference; lastKnownFileType = sourcecode.swift; path = UnifiedListView.swift; sourceTree = "<group>"; };
		EE208E832B7949DC005125BA /* UnifiedListViewModel.swift */ = {isa = PBXFileReference; lastKnownFileType = sourcecode.swift; path = UnifiedListViewModel.swift; sourceTree = "<group>"; };
		EE29CCC32B6059E10027CBA4 /* ListExtensions.swift */ = {isa = PBXFileReference; lastKnownFileType = sourcecode.swift; path = ListExtensions.swift; sourceTree = "<group>"; };
		EE2F06CF2B3C50C600462D3C /* AcknowledgementsView.swift */ = {isa = PBXFileReference; lastKnownFileType = sourcecode.swift; path = AcknowledgementsView.swift; sourceTree = "<group>"; };
		EE3194D42B6C181200A5F754 /* DummyNavigationLink.swift */ = {isa = PBXFileReference; lastKnownFileType = sourcecode.swift; path = DummyNavigationLink.swift; sourceTree = "<group>"; };
		EE3194D62B6C229200A5F754 /* NoDataView.swift */ = {isa = PBXFileReference; lastKnownFileType = sourcecode.swift; path = NoDataView.swift; sourceTree = "<group>"; };
		EE3194D82B6CCBB800A5F754 /* MemberVoteModel.swift */ = {isa = PBXFileReference; lastKnownFileType = sourcecode.swift; path = MemberVoteModel.swift; sourceTree = "<group>"; };
		EE3194DB2B6CD4FE00A5F754 /* MemberCommonsVotesView.swift */ = {isa = PBXFileReference; lastKnownFileType = sourcecode.swift; path = MemberCommonsVotesView.swift; sourceTree = "<group>"; };
		EE3194DD2B6CD52400A5F754 /* MemberCommonsVotesViewModel.swift */ = {isa = PBXFileReference; lastKnownFileType = sourcecode.swift; path = MemberCommonsVotesViewModel.swift; sourceTree = "<group>"; };
		EE3194DF2B6CD7CD00A5F754 /* MemberCommonsVoteRow.swift */ = {isa = PBXFileReference; lastKnownFileType = sourcecode.swift; path = MemberCommonsVoteRow.swift; sourceTree = "<group>"; };
		EE3194E42B6E3BA400A5F754 /* BillStageSittingsView.swift */ = {isa = PBXFileReference; lastKnownFileType = sourcecode.swift; path = BillStageSittingsView.swift; sourceTree = "<group>"; };
		EE3194E62B6E3E9C00A5F754 /* BillAmendmentsView.swift */ = {isa = PBXFileReference; lastKnownFileType = sourcecode.swift; path = BillAmendmentsView.swift; sourceTree = "<group>"; };
		EE3194EC2B6E550900A5F754 /* UKParliamentTests.xctest */ = {isa = PBXFileReference; explicitFileType = wrapper.cfbundle; includeInIndex = 0; path = UKParliamentTests.xctest; sourceTree = BUILT_PRODUCTS_DIR; };
		EE3194F72B6E55C200A5F754 /* UtilsModel.swift */ = {isa = PBXFileReference; lastKnownFileType = sourcecode.swift; path = UtilsModel.swift; sourceTree = "<group>"; };
		EE3194F92B6E55F300A5F754 /* UtilsModelTests.swift */ = {isa = PBXFileReference; lastKnownFileType = sourcecode.swift; path = UtilsModelTests.swift; sourceTree = "<group>"; };
		EE3194FC2B6F807900A5F754 /* LordsVotesView.swift */ = {isa = PBXFileReference; lastKnownFileType = sourcecode.swift; path = LordsVotesView.swift; sourceTree = "<group>"; };
		EE3194FE2B6F808C00A5F754 /* LordsVotesViewModel.swift */ = {isa = PBXFileReference; lastKnownFileType = sourcecode.swift; path = LordsVotesViewModel.swift; sourceTree = "<group>"; };
		EE3195002B6F80AA00A5F754 /* LordsVoteRow.swift */ = {isa = PBXFileReference; lastKnownFileType = sourcecode.swift; path = LordsVoteRow.swift; sourceTree = "<group>"; };
		EE3195032B6F83F800A5F754 /* LordsVoteDetailViewModel.swift */ = {isa = PBXFileReference; lastKnownFileType = sourcecode.swift; path = LordsVoteDetailViewModel.swift; sourceTree = "<group>"; };
		EE3195052B6F841700A5F754 /* LordsVoteDetailView.swift */ = {isa = PBXFileReference; lastKnownFileType = sourcecode.swift; path = LordsVoteDetailView.swift; sourceTree = "<group>"; };
		EE3195082B6F952700A5F754 /* MemberLordsVotesView.swift */ = {isa = PBXFileReference; lastKnownFileType = sourcecode.swift; path = MemberLordsVotesView.swift; sourceTree = "<group>"; };
		EE31950A2B6F954900A5F754 /* MemberLordsVotesViewModel.swift */ = {isa = PBXFileReference; lastKnownFileType = sourcecode.swift; path = MemberLordsVotesViewModel.swift; sourceTree = "<group>"; };
		EE31950C2B6F959900A5F754 /* MemberLordsVoteRow.swift */ = {isa = PBXFileReference; lastKnownFileType = sourcecode.swift; path = MemberLordsVoteRow.swift; sourceTree = "<group>"; };
		EE50F9B82B358F8B00163E52 /* MembersView.swift */ = {isa = PBXFileReference; lastKnownFileType = sourcecode.swift; path = MembersView.swift; sourceTree = "<group>"; };
		EE50F9BA2B358FA200163E52 /* MembersViewModel.swift */ = {isa = PBXFileReference; lastKnownFileType = sourcecode.swift; path = MembersViewModel.swift; sourceTree = "<group>"; };
		EE50F9BC2B3592D200163E52 /* MemberRow.swift */ = {isa = PBXFileReference; lastKnownFileType = sourcecode.swift; path = MemberRow.swift; sourceTree = "<group>"; };
		EE50F9BE2B35A09E00163E52 /* FetchModel.swift */ = {isa = PBXFileReference; lastKnownFileType = sourcecode.swift; path = FetchModel.swift; sourceTree = "<group>"; };
		EE50F9C12B35A59700163E52 /* ConstituencyDetailView.swift */ = {isa = PBXFileReference; lastKnownFileType = sourcecode.swift; path = ConstituencyDetailView.swift; sourceTree = "<group>"; };
		EE5AE8252B4C7AC000550126 /* ViewExtensions.swift */ = {isa = PBXFileReference; lastKnownFileType = sourcecode.swift; path = ViewExtensions.swift; sourceTree = "<group>"; };
		EE86A45B2B344BA6007BEA83 /* UK Parliament.app */ = {isa = PBXFileReference; explicitFileType = wrapper.application; includeInIndex = 0; path = "UK Parliament.app"; sourceTree = BUILT_PRODUCTS_DIR; };
		EE86A45E2B344BA6007BEA83 /* UK_ParliamentApp.swift */ = {isa = PBXFileReference; lastKnownFileType = sourcecode.swift; path = UK_ParliamentApp.swift; sourceTree = "<group>"; };
		EE86A4602B344BA6007BEA83 /* ContentView.swift */ = {isa = PBXFileReference; lastKnownFileType = sourcecode.swift; path = ContentView.swift; sourceTree = "<group>"; };
		EE86A4622B344BA7007BEA83 /* Assets.xcassets */ = {isa = PBXFileReference; lastKnownFileType = folder.assetcatalog; path = Assets.xcassets; sourceTree = "<group>"; };
		EE86A4652B344BA7007BEA83 /* Preview Assets.xcassets */ = {isa = PBXFileReference; lastKnownFileType = folder.assetcatalog; path = "Preview Assets.xcassets"; sourceTree = "<group>"; };
		EE86A46F2B344D4C007BEA83 /* PartiesView.swift */ = {isa = PBXFileReference; lastKnownFileType = sourcecode.swift; path = PartiesView.swift; sourceTree = "<group>"; };
		EE86A4712B34506F007BEA83 /* HouseModel.swift */ = {isa = PBXFileReference; lastKnownFileType = sourcecode.swift; path = HouseModel.swift; sourceTree = "<group>"; };
		EE86A4732B345131007BEA83 /* PartyModel.swift */ = {isa = PBXFileReference; lastKnownFileType = sourcecode.swift; path = PartyModel.swift; sourceTree = "<group>"; };
		EE86A4752B3452F4007BEA83 /* PartiesViewModel.swift */ = {isa = PBXFileReference; lastKnownFileType = sourcecode.swift; path = PartiesViewModel.swift; sourceTree = "<group>"; };
		EE86A4772B34564C007BEA83 /* PartyRow.swift */ = {isa = PBXFileReference; lastKnownFileType = sourcecode.swift; path = PartyRow.swift; sourceTree = "<group>"; };
		EE8F2CBC2B36341300D771F2 /* ConstituencyElectionDetailViewModel.swift */ = {isa = PBXFileReference; lastKnownFileType = sourcecode.swift; path = ConstituencyElectionDetailViewModel.swift; sourceTree = "<group>"; };
		EE8F2CBE2B36C53700D771F2 /* MemberDetailViewModel.swift */ = {isa = PBXFileReference; lastKnownFileType = sourcecode.swift; path = MemberDetailViewModel.swift; sourceTree = "<group>"; };
		EE8F2CC32B36D74F00D771F2 /* RegisteredInterestsView.swift */ = {isa = PBXFileReference; lastKnownFileType = sourcecode.swift; path = RegisteredInterestsView.swift; sourceTree = "<group>"; };
		EE8F2CC52B36D81C00D771F2 /* UK-Parliament-Info.plist */ = {isa = PBXFileReference; lastKnownFileType = text.plist; path = "UK-Parliament-Info.plist"; sourceTree = SOURCE_ROOT; };
		EE8F2CC62B36D88200D771F2 /* RegisteredInterestModel.swift */ = {isa = PBXFileReference; lastKnownFileType = sourcecode.swift; path = RegisteredInterestModel.swift; sourceTree = "<group>"; };
		EE8F2CC82B36DA5600D771F2 /* RegisteredInterestsViewModel.swift */ = {isa = PBXFileReference; lastKnownFileType = sourcecode.swift; path = RegisteredInterestsViewModel.swift; sourceTree = "<group>"; };
		EE8FCD882B7FF2DA00B54609 /* DateExtensions.swift */ = {isa = PBXFileReference; lastKnownFileType = sourcecode.swift; path = DateExtensions.swift; sourceTree = "<group>"; };
		EE97BF8D2B34BF5E00FA950C /* ConstituencyModel.swift */ = {isa = PBXFileReference; lastKnownFileType = sourcecode.swift; path = ConstituencyModel.swift; sourceTree = "<group>"; };
		EE97BF8F2B34C30800FA950C /* ConstituenciesView.swift */ = {isa = PBXFileReference; lastKnownFileType = sourcecode.swift; path = ConstituenciesView.swift; sourceTree = "<group>"; };
		EE97BF912B34C32A00FA950C /* ConstituenciesViewModel.swift */ = {isa = PBXFileReference; lastKnownFileType = sourcecode.swift; path = ConstituenciesViewModel.swift; sourceTree = "<group>"; };
		EE97BF932B34C60300FA950C /* MemberModel.swift */ = {isa = PBXFileReference; lastKnownFileType = sourcecode.swift; path = MemberModel.swift; sourceTree = "<group>"; };
		EE97BF952B34C6DD00FA950C /* ConstituencyRow.swift */ = {isa = PBXFileReference; lastKnownFileType = sourcecode.swift; path = ConstituencyRow.swift; sourceTree = "<group>"; };
		EE97BF9B2B3571C800FA950C /* PartyCircleView.swift */ = {isa = PBXFileReference; lastKnownFileType = sourcecode.swift; path = PartyCircleView.swift; sourceTree = "<group>"; };
		EEEC3B012B38862400A8626D /* BillModel.swift */ = {isa = PBXFileReference; lastKnownFileType = sourcecode.swift; path = BillModel.swift; sourceTree = "<group>"; };
		EEEC3B042B388B1900A8626D /* BillsView.swift */ = {isa = PBXFileReference; lastKnownFileType = sourcecode.swift; path = BillsView.swift; sourceTree = "<group>"; };
		EEEC3B062B388B2600A8626D /* BillsViewModel.swift */ = {isa = PBXFileReference; lastKnownFileType = sourcecode.swift; path = BillsViewModel.swift; sourceTree = "<group>"; };
		EEEC3B082B388E5600A8626D /* BillRow.swift */ = {isa = PBXFileReference; lastKnownFileType = sourcecode.swift; path = BillRow.swift; sourceTree = "<group>"; };
		EEEC3B0A2B388F4800A8626D /* CommonsBadge.swift */ = {isa = PBXFileReference; lastKnownFileType = sourcecode.swift; path = CommonsBadge.swift; sourceTree = "<group>"; };
		EEEC3B0C2B388FE100A8626D /* LordsBadge.swift */ = {isa = PBXFileReference; lastKnownFileType = sourcecode.swift; path = LordsBadge.swift; sourceTree = "<group>"; };
		EEEC3B0F2B3896EF00A8626D /* BillDetailView.swift */ = {isa = PBXFileReference; lastKnownFileType = sourcecode.swift; path = BillDetailView.swift; sourceTree = "<group>"; };
		EEEC3B112B38971600A8626D /* BillDetailViewModel.swift */ = {isa = PBXFileReference; lastKnownFileType = sourcecode.swift; path = BillDetailViewModel.swift; sourceTree = "<group>"; };
		EEEC3B132B3899EC00A8626D /* SponsorRow.swift */ = {isa = PBXFileReference; lastKnownFileType = sourcecode.swift; path = SponsorRow.swift; sourceTree = "<group>"; };
		EEEC3B152B389F9D00A8626D /* BillStageBadge.swift */ = {isa = PBXFileReference; lastKnownFileType = sourcecode.swift; path = BillStageBadge.swift; sourceTree = "<group>"; };
		EEEC3B182B38A3FD00A8626D /* ColorExtensions.swift */ = {isa = PBXFileReference; lastKnownFileType = sourcecode.swift; path = ColorExtensions.swift; sourceTree = "<group>"; };
		EEEC3B1A2B38A51D00A8626D /* StringExtensions.swift */ = {isa = PBXFileReference; lastKnownFileType = sourcecode.swift; path = StringExtensions.swift; sourceTree = "<group>"; };
		EEEC3B1D2B38ADC500A8626D /* BillStagesView.swift */ = {isa = PBXFileReference; lastKnownFileType = sourcecode.swift; path = BillStagesView.swift; sourceTree = "<group>"; };
		EEEC3B1F2B38AE7300A8626D /* BillStageRow.swift */ = {isa = PBXFileReference; lastKnownFileType = sourcecode.swift; path = BillStageRow.swift; sourceTree = "<group>"; };
		EEEC3B212B38AED000A8626D /* BillStagesViewModel.swift */ = {isa = PBXFileReference; lastKnownFileType = sourcecode.swift; path = BillStagesViewModel.swift; sourceTree = "<group>"; };
		EEEC3B242B38BA7900A8626D /* BillPublicationsView.swift */ = {isa = PBXFileReference; lastKnownFileType = sourcecode.swift; path = BillPublicationsView.swift; sourceTree = "<group>"; };
		EEEC3B262B38BAF500A8626D /* BillPublicationsViewModel.swift */ = {isa = PBXFileReference; lastKnownFileType = sourcecode.swift; path = BillPublicationsViewModel.swift; sourceTree = "<group>"; };
		EEEC3B282B38BCD200A8626D /* BillPublicationRow.swift */ = {isa = PBXFileReference; lastKnownFileType = sourcecode.swift; path = BillPublicationRow.swift; sourceTree = "<group>"; };
		EEEC3B2B2B38C06100A8626D /* BillPublicationLinksView.swift */ = {isa = PBXFileReference; lastKnownFileType = sourcecode.swift; path = BillPublicationLinksView.swift; sourceTree = "<group>"; };
		EEEC3B2E2B397BEA00A8626D /* ContextModel.swift */ = {isa = PBXFileReference; lastKnownFileType = sourcecode.swift; path = ContextModel.swift; sourceTree = "<group>"; };
		EEEC3B302B3983C100A8626D /* NavigationModels.swift */ = {isa = PBXFileReference; lastKnownFileType = sourcecode.swift; path = NavigationModels.swift; sourceTree = "<group>"; };
		EEEC3B322B398ADA00A8626D /* ContextAwareNavigationLink.swift */ = {isa = PBXFileReference; lastKnownFileType = sourcecode.swift; path = ContextAwareNavigationLink.swift; sourceTree = "<group>"; };
		EEEC3B352B39A2C700A8626D /* VoteModel.swift */ = {isa = PBXFileReference; lastKnownFileType = sourcecode.swift; path = VoteModel.swift; sourceTree = "<group>"; };
		EEEC3B382B39A97900A8626D /* CommonsVotesView.swift */ = {isa = PBXFileReference; lastKnownFileType = sourcecode.swift; path = CommonsVotesView.swift; sourceTree = "<group>"; };
		EEEC3B3A2B39A98900A8626D /* CommonsVotesViewModel.swift */ = {isa = PBXFileReference; lastKnownFileType = sourcecode.swift; path = CommonsVotesViewModel.swift; sourceTree = "<group>"; };
		EEEC3B3C2B39AC4600A8626D /* CommonsVoteRow.swift */ = {isa = PBXFileReference; lastKnownFileType = sourcecode.swift; path = CommonsVoteRow.swift; sourceTree = "<group>"; };
		EEEC3B3F2B39B54200A8626D /* CommonsVoteDetailView.swift */ = {isa = PBXFileReference; lastKnownFileType = sourcecode.swift; path = CommonsVoteDetailView.swift; sourceTree = "<group>"; };
		EEEC3B412B39B55000A8626D /* CommonsVoteDetailViewModel.swift */ = {isa = PBXFileReference; lastKnownFileType = sourcecode.swift; path = CommonsVoteDetailViewModel.swift; sourceTree = "<group>"; };
		EEEC3B432B39B83A00A8626D /* VoterRow.swift */ = {isa = PBXFileReference; lastKnownFileType = sourcecode.swift; path = VoterRow.swift; sourceTree = "<group>"; };
		EEFC7C982B35B4E000183203 /* MemberPictureView.swift */ = {isa = PBXFileReference; lastKnownFileType = sourcecode.swift; path = MemberPictureView.swift; sourceTree = "<group>"; };
		EEFC7C9A2B36132200183203 /* MemberDetailView.swift */ = {isa = PBXFileReference; lastKnownFileType = sourcecode.swift; path = MemberDetailView.swift; sourceTree = "<group>"; };
		EEFC7C9C2B36140400183203 /* ElectionResultModel.swift */ = {isa = PBXFileReference; lastKnownFileType = sourcecode.swift; path = ElectionResultModel.swift; sourceTree = "<group>"; };
		EEFC7C9E2B3615AD00183203 /* ConstituencyDetailViewModel.swift */ = {isa = PBXFileReference; lastKnownFileType = sourcecode.swift; path = ConstituencyDetailViewModel.swift; sourceTree = "<group>"; };
		EEFC7CA22B36290B00183203 /* ConstituencyElectionDetailView.swift */ = {isa = PBXFileReference; lastKnownFileType = sourcecode.swift; path = ConstituencyElectionDetailView.swift; sourceTree = "<group>"; };
/* End PBXFileReference section */

/* Begin PBXFrameworksBuildPhase section */
		EE3194E92B6E550900A5F754 /* Frameworks */ = {
			isa = PBXFrameworksBuildPhase;
			buildActionMask = 2147483647;
			files = (
			);
			runOnlyForDeploymentPostprocessing = 0;
		};
		EE86A4582B344BA6007BEA83 /* Frameworks */ = {
			isa = PBXFrameworksBuildPhase;
			buildActionMask = 2147483647;
			files = (
				EE020BC42B618A94004C893B /* SkeletonUI in Frameworks */,
			);
			runOnlyForDeploymentPostprocessing = 0;
		};
/* End PBXFrameworksBuildPhase section */

/* Begin PBXGroup section */
		EE01861C2B375B00004F7F77 /* Post */ = {
			isa = PBXGroup;
			children = (
				EE01861D2B375B0C004F7F77 /* PostsView.swift */,
				EE01861F2B375B4D004F7F77 /* PostsViewModel.swift */,
			);
			path = Post;
			sourceTree = "<group>";
		};
		EE0186232B382533004F7F77 /* MemberContact */ = {
			isa = PBXGroup;
			children = (
				EE0186242B38255D004F7F77 /* MemberContactView.swift */,
				EE0186262B38258B004F7F77 /* MemberContactViewModel.swift */,
			);
			path = MemberContact;
			sourceTree = "<group>";
		};
		EE3194DA2B6CD4AC00A5F754 /* MemberCommonsVote */ = {
			isa = PBXGroup;
			children = (
				EE3194DB2B6CD4FE00A5F754 /* MemberCommonsVotesView.swift */,
				EE3194DD2B6CD52400A5F754 /* MemberCommonsVotesViewModel.swift */,
				EE3194DF2B6CD7CD00A5F754 /* MemberCommonsVoteRow.swift */,
			);
			path = MemberCommonsVote;
			sourceTree = "<group>";
		};
		EE3194E22B6E36FD00A5F754 /* BillAmendment */ = {
			isa = PBXGroup;
			children = (
				EE3194E62B6E3E9C00A5F754 /* BillAmendmentsView.swift */,
			);
			path = BillAmendment;
			sourceTree = "<group>";
		};
		EE3194E32B6E3B9300A5F754 /* BillStageSitting */ = {
			isa = PBXGroup;
			children = (
				EE3194E42B6E3BA400A5F754 /* BillStageSittingsView.swift */,
			);
			path = BillStageSitting;
			sourceTree = "<group>";
		};
		EE3194ED2B6E550900A5F754 /* UKParliamentTests */ = {
			isa = PBXGroup;
			children = (
				EE3194F92B6E55F300A5F754 /* UtilsModelTests.swift */,
			);
			path = UKParliamentTests;
			sourceTree = "<group>";
		};
		EE3194FB2B6F804800A5F754 /* LordsVote */ = {
			isa = PBXGroup;
			children = (
				EE3195072B6F922F00A5F754 /* MemberLordsVote */,
				EE3195022B6F83D200A5F754 /* LordsVoteDetail */,
				EE3194FC2B6F807900A5F754 /* LordsVotesView.swift */,
				EE3194FE2B6F808C00A5F754 /* LordsVotesViewModel.swift */,
				EE3195002B6F80AA00A5F754 /* LordsVoteRow.swift */,
			);
			path = LordsVote;
			sourceTree = "<group>";
		};
		EE3195022B6F83D200A5F754 /* LordsVoteDetail */ = {
			isa = PBXGroup;
			children = (
				EE3195032B6F83F800A5F754 /* LordsVoteDetailViewModel.swift */,
				EE3195052B6F841700A5F754 /* LordsVoteDetailView.swift */,
			);
			path = LordsVoteDetail;
			sourceTree = "<group>";
		};
		EE3195072B6F922F00A5F754 /* MemberLordsVote */ = {
			isa = PBXGroup;
			children = (
				EE3195082B6F952700A5F754 /* MemberLordsVotesView.swift */,
				EE31950A2B6F954900A5F754 /* MemberLordsVotesViewModel.swift */,
				EE31950C2B6F959900A5F754 /* MemberLordsVoteRow.swift */,
			);
			path = MemberLordsVote;
			sourceTree = "<group>";
		};
		EE50F9B72B358F7E00163E52 /* Member */ = {
			isa = PBXGroup;
			children = (
				EEFC7CA02B36230700183203 /* MemberDetail */,
				EE50F9B82B358F8B00163E52 /* MembersView.swift */,
				EE50F9BA2B358FA200163E52 /* MembersViewModel.swift */,
				EE50F9BC2B3592D200163E52 /* MemberRow.swift */,
			);
			path = Member;
			sourceTree = "<group>";
		};
		EE50F9C02B35A57D00163E52 /* ConstituencyDetail */ = {
			isa = PBXGroup;
			children = (
				EEFC7CA12B36278D00183203 /* ConstituencyElectionDetail */,
				EE50F9C12B35A59700163E52 /* ConstituencyDetailView.swift */,
				EEFC7C9E2B3615AD00183203 /* ConstituencyDetailViewModel.swift */,
			);
			path = ConstituencyDetail;
			sourceTree = "<group>";
		};
		EE86A4522B344BA6007BEA83 = {
			isa = PBXGroup;
			children = (
				EE86A45D2B344BA6007BEA83 /* UK Parliament */,
				EE3194ED2B6E550900A5F754 /* UKParliamentTests */,
				EE86A45C2B344BA6007BEA83 /* Products */,
			);
			sourceTree = "<group>";
		};
		EE86A45C2B344BA6007BEA83 /* Products */ = {
			isa = PBXGroup;
			children = (
				EE86A45B2B344BA6007BEA83 /* UK Parliament.app */,
				EE3194EC2B6E550900A5F754 /* UKParliamentTests.xctest */,
			);
			name = Products;
			sourceTree = "<group>";
		};
		EE86A45D2B344BA6007BEA83 /* UK Parliament */ = {
			isa = PBXGroup;
			children = (
				EEEC3B172B38A3EE00A8626D /* Extensions */,
				EE8F2CC52B36D81C00D771F2 /* UK-Parliament-Info.plist */,
				EE97BF9A2B35717A00FA950C /* Components */,
				EE86A46D2B344C1A007BEA83 /* Models */,
				EE86A46C2B344C14007BEA83 /* Views */,
				EE86A45E2B344BA6007BEA83 /* UK_ParliamentApp.swift */,
				EE86A4602B344BA6007BEA83 /* ContentView.swift */,
				EEEC3B2E2B397BEA00A8626D /* ContextModel.swift */,
				EE86A4622B344BA7007BEA83 /* Assets.xcassets */,
				EE86A4642B344BA7007BEA83 /* Preview Content */,
			);
			path = "UK Parliament";
			sourceTree = "<group>";
		};
		EE86A4642B344BA7007BEA83 /* Preview Content */ = {
			isa = PBXGroup;
			children = (
				EE86A4652B344BA7007BEA83 /* Preview Assets.xcassets */,
			);
			path = "Preview Content";
			sourceTree = "<group>";
		};
		EE86A46C2B344C14007BEA83 /* Views */ = {
			isa = PBXGroup;
			children = (
				EE3194FB2B6F804800A5F754 /* LordsVote */,
				EEEC3B372B39A96D00A8626D /* CommonsVote */,
				EEEC3B032B388B0B00A8626D /* Bill */,
				EE01861C2B375B00004F7F77 /* Post */,
				EE50F9B72B358F7E00163E52 /* Member */,
				EE97BF8C2B34A5A000FA950C /* Constituency */,
				EE97BF882B34A4ED00FA950C /* Party */,
				EE2F06CF2B3C50C600462D3C /* AcknowledgementsView.swift */,
				EE208E832B7949DC005125BA /* UnifiedListViewModel.swift */,
				EE167D8D2B7A108900415100 /* UnifiedListView.swift */,
			);
			path = Views;
			sourceTree = "<group>";
		};
		EE86A46D2B344C1A007BEA83 /* Models */ = {
			isa = PBXGroup;
			children = (
				EE50F9BE2B35A09E00163E52 /* FetchModel.swift */,
				EEEC3B342B39A21200A8626D /* VotesAPI */,
				EEEC3B002B38836400A8626D /* BillsAPI */,
				EEEC3AFF2B38834900A8626D /* MembersAPI */,
				EEEC3B302B3983C100A8626D /* NavigationModels.swift */,
				EE3194F72B6E55C200A5F754 /* UtilsModel.swift */,
			);
			path = Models;
			sourceTree = "<group>";
		};
		EE8F2CC22B36D72F00D771F2 /* RegisteredInterests */ = {
			isa = PBXGroup;
			children = (
				EE8F2CC32B36D74F00D771F2 /* RegisteredInterestsView.swift */,
				EE8F2CC82B36DA5600D771F2 /* RegisteredInterestsViewModel.swift */,
			);
			path = RegisteredInterests;
			sourceTree = "<group>";
		};
		EE97BF882B34A4ED00FA950C /* Party */ = {
			isa = PBXGroup;
			children = (
				EE86A46F2B344D4C007BEA83 /* PartiesView.swift */,
				EE86A4752B3452F4007BEA83 /* PartiesViewModel.swift */,
				EE86A4772B34564C007BEA83 /* PartyRow.swift */,
			);
			path = Party;
			sourceTree = "<group>";
		};
		EE97BF8C2B34A5A000FA950C /* Constituency */ = {
			isa = PBXGroup;
			children = (
				EE50F9C02B35A57D00163E52 /* ConstituencyDetail */,
				EE97BF8F2B34C30800FA950C /* ConstituenciesView.swift */,
				EE97BF912B34C32A00FA950C /* ConstituenciesViewModel.swift */,
				EE97BF952B34C6DD00FA950C /* ConstituencyRow.swift */,
			);
			path = Constituency;
			sourceTree = "<group>";
		};
		EE97BF9A2B35717A00FA950C /* Components */ = {
			isa = PBXGroup;
			children = (
				EE97BF9B2B3571C800FA950C /* PartyCircleView.swift */,
				EEFC7C982B35B4E000183203 /* MemberPictureView.swift */,
				EE0186282B385A4E004F7F77 /* PartyTaggedText.swift */,
				EEEC3B0A2B388F4800A8626D /* CommonsBadge.swift */,
				EEEC3B0C2B388FE100A8626D /* LordsBadge.swift */,
				EEEC3B152B389F9D00A8626D /* BillStageBadge.swift */,
				EEEC3B322B398ADA00A8626D /* ContextAwareNavigationLink.swift */,
				EE3194D42B6C181200A5F754 /* DummyNavigationLink.swift */,
				EE3194D62B6C229200A5F754 /* NoDataView.swift */,
			);
			path = Components;
			sourceTree = "<group>";
		};
		EEEC3AFF2B38834900A8626D /* MembersAPI */ = {
			isa = PBXGroup;
			children = (
				EE86A4712B34506F007BEA83 /* HouseModel.swift */,
				EE86A4732B345131007BEA83 /* PartyModel.swift */,
				EE97BF8D2B34BF5E00FA950C /* ConstituencyModel.swift */,
				EE97BF932B34C60300FA950C /* MemberModel.swift */,
				EEFC7C9C2B36140400183203 /* ElectionResultModel.swift */,
				EE8F2CC62B36D88200D771F2 /* RegisteredInterestModel.swift */,
				EE0186212B375B66004F7F77 /* PostModel.swift */,
			);
			path = MembersAPI;
			sourceTree = "<group>";
		};
		EEEC3B002B38836400A8626D /* BillsAPI */ = {
			isa = PBXGroup;
			children = (
				EEEC3B012B38862400A8626D /* BillModel.swift */,
			);
			path = BillsAPI;
			sourceTree = "<group>";
		};
		EEEC3B032B388B0B00A8626D /* Bill */ = {
			isa = PBXGroup;
			children = (
				EEEC3B0E2B3896E300A8626D /* BillDetail */,
				EEEC3B042B388B1900A8626D /* BillsView.swift */,
				EEEC3B062B388B2600A8626D /* BillsViewModel.swift */,
				EEEC3B082B388E5600A8626D /* BillRow.swift */,
			);
			path = Bill;
			sourceTree = "<group>";
		};
		EEEC3B0E2B3896E300A8626D /* BillDetail */ = {
			isa = PBXGroup;
			children = (
				EEEC3B232B38BA6700A8626D /* BillPublication */,
				EEEC3B1C2B38ADB900A8626D /* BillStage */,
				EEEC3B0F2B3896EF00A8626D /* BillDetailView.swift */,
				EEEC3B112B38971600A8626D /* BillDetailViewModel.swift */,
				EEEC3B132B3899EC00A8626D /* SponsorRow.swift */,
			);
			path = BillDetail;
			sourceTree = "<group>";
		};
		EEEC3B172B38A3EE00A8626D /* Extensions */ = {
			isa = PBXGroup;
			children = (
				EEEC3B182B38A3FD00A8626D /* ColorExtensions.swift */,
				EEEC3B1A2B38A51D00A8626D /* StringExtensions.swift */,
				EE5AE8252B4C7AC000550126 /* ViewExtensions.swift */,
				EE29CCC32B6059E10027CBA4 /* ListExtensions.swift */,
				EE8FCD882B7FF2DA00B54609 /* DateExtensions.swift */,
			);
			path = Extensions;
			sourceTree = "<group>";
		};
		EEEC3B1C2B38ADB900A8626D /* BillStage */ = {
			isa = PBXGroup;
			children = (
				EE3194E32B6E3B9300A5F754 /* BillStageSitting */,
				EE3194E22B6E36FD00A5F754 /* BillAmendment */,
				EEEC3B1D2B38ADC500A8626D /* BillStagesView.swift */,
				EEEC3B1F2B38AE7300A8626D /* BillStageRow.swift */,
				EEEC3B212B38AED000A8626D /* BillStagesViewModel.swift */,
			);
			path = BillStage;
			sourceTree = "<group>";
		};
		EEEC3B232B38BA6700A8626D /* BillPublication */ = {
			isa = PBXGroup;
			children = (
				EEEC3B2A2B38C05300A8626D /* BillPublicationLink */,
				EEEC3B242B38BA7900A8626D /* BillPublicationsView.swift */,
				EEEC3B262B38BAF500A8626D /* BillPublicationsViewModel.swift */,
				EEEC3B282B38BCD200A8626D /* BillPublicationRow.swift */,
			);
			path = BillPublication;
			sourceTree = "<group>";
		};
		EEEC3B2A2B38C05300A8626D /* BillPublicationLink */ = {
			isa = PBXGroup;
			children = (
				EEEC3B2B2B38C06100A8626D /* BillPublicationLinksView.swift */,
			);
			path = BillPublicationLink;
			sourceTree = "<group>";
		};
		EEEC3B342B39A21200A8626D /* VotesAPI */ = {
			isa = PBXGroup;
			children = (
				EEEC3B352B39A2C700A8626D /* VoteModel.swift */,
				EE3194D82B6CCBB800A5F754 /* MemberVoteModel.swift */,
			);
			path = VotesAPI;
			sourceTree = "<group>";
		};
		EEEC3B372B39A96D00A8626D /* CommonsVote */ = {
			isa = PBXGroup;
			children = (
				EE3194DA2B6CD4AC00A5F754 /* MemberCommonsVote */,
				EEEC3B3E2B39B53000A8626D /* CommonsVoteDetail */,
				EEEC3B382B39A97900A8626D /* CommonsVotesView.swift */,
				EEEC3B3A2B39A98900A8626D /* CommonsVotesViewModel.swift */,
				EEEC3B3C2B39AC4600A8626D /* CommonsVoteRow.swift */,
			);
			path = CommonsVote;
			sourceTree = "<group>";
		};
		EEEC3B3E2B39B53000A8626D /* CommonsVoteDetail */ = {
			isa = PBXGroup;
			children = (
				EEEC3B3F2B39B54200A8626D /* CommonsVoteDetailView.swift */,
				EEEC3B412B39B55000A8626D /* CommonsVoteDetailViewModel.swift */,
				EEEC3B432B39B83A00A8626D /* VoterRow.swift */,
			);
			path = CommonsVoteDetail;
			sourceTree = "<group>";
		};
		EEFC7CA02B36230700183203 /* MemberDetail */ = {
			isa = PBXGroup;
			children = (
				EE0186232B382533004F7F77 /* MemberContact */,
				EE8F2CC22B36D72F00D771F2 /* RegisteredInterests */,
				EEFC7C9A2B36132200183203 /* MemberDetailView.swift */,
				EE8F2CBE2B36C53700D771F2 /* MemberDetailViewModel.swift */,
			);
			path = MemberDetail;
			sourceTree = "<group>";
		};
		EEFC7CA12B36278D00183203 /* ConstituencyElectionDetail */ = {
			isa = PBXGroup;
			children = (
				EEFC7CA22B36290B00183203 /* ConstituencyElectionDetailView.swift */,
				EE8F2CBC2B36341300D771F2 /* ConstituencyElectionDetailViewModel.swift */,
			);
			path = ConstituencyElectionDetail;
			sourceTree = "<group>";
		};
/* End PBXGroup section */

/* Begin PBXNativeTarget section */
		EE3194EB2B6E550900A5F754 /* UKParliamentTests */ = {
			isa = PBXNativeTarget;
			buildConfigurationList = EE3194F22B6E550900A5F754 /* Build configuration list for PBXNativeTarget "UKParliamentTests" */;
			buildPhases = (
				EE3194E82B6E550900A5F754 /* Sources */,
				EE3194E92B6E550900A5F754 /* Frameworks */,
				EE3194EA2B6E550900A5F754 /* Resources */,
			);
			buildRules = (
			);
			dependencies = (
				EE3194F12B6E550900A5F754 /* PBXTargetDependency */,
			);
			name = UKParliamentTests;
			productName = UKParliamentTests;
			productReference = EE3194EC2B6E550900A5F754 /* UKParliamentTests.xctest */;
			productType = "com.apple.product-type.bundle.unit-test";
		};
		EE86A45A2B344BA6007BEA83 /* UK Parliament */ = {
			isa = PBXNativeTarget;
			buildConfigurationList = EE86A4692B344BA7007BEA83 /* Build configuration list for PBXNativeTarget "UK Parliament" */;
			buildPhases = (
				EE86A4572B344BA6007BEA83 /* Sources */,
				EE86A4582B344BA6007BEA83 /* Frameworks */,
				EE86A4592B344BA6007BEA83 /* Resources */,
			);
			buildRules = (
			);
			dependencies = (
			);
			name = "UK Parliament";
			packageProductDependencies = (
				EE020BC32B618A94004C893B /* SkeletonUI */,
			);
			productName = "UK Parliament";
			productReference = EE86A45B2B344BA6007BEA83 /* UK Parliament.app */;
			productType = "com.apple.product-type.application";
		};
/* End PBXNativeTarget section */

/* Begin PBXProject section */
		EE86A4532B344BA6007BEA83 /* Project object */ = {
			isa = PBXProject;
			attributes = {
				BuildIndependentTargetsInParallel = 1;
				LastSwiftUpdateCheck = 1520;
				LastUpgradeCheck = 1500;
				TargetAttributes = {
					EE3194EB2B6E550900A5F754 = {
						CreatedOnToolsVersion = 15.2;
						LastSwiftMigration = 1520;
						TestTargetID = EE86A45A2B344BA6007BEA83;
					};
					EE86A45A2B344BA6007BEA83 = {
						CreatedOnToolsVersion = 15.0.1;
					};
				};
			};
			buildConfigurationList = EE86A4562B344BA6007BEA83 /* Build configuration list for PBXProject "UK Parliament" */;
			compatibilityVersion = "Xcode 14.0";
			developmentRegion = en;
			hasScannedForEncodings = 0;
			knownRegions = (
				en,
				Base,
			);
			mainGroup = EE86A4522B344BA6007BEA83;
			packageReferences = (
				EE020BC22B618A94004C893B /* XCRemoteSwiftPackageReference "SkeletonUI" */,
			);
			productRefGroup = EE86A45C2B344BA6007BEA83 /* Products */;
			projectDirPath = "";
			projectRoot = "";
			targets = (
				EE86A45A2B344BA6007BEA83 /* UK Parliament */,
				EE3194EB2B6E550900A5F754 /* UKParliamentTests */,
			);
		};
/* End PBXProject section */

/* Begin PBXResourcesBuildPhase section */
		EE3194EA2B6E550900A5F754 /* Resources */ = {
			isa = PBXResourcesBuildPhase;
			buildActionMask = 2147483647;
			files = (
			);
			runOnlyForDeploymentPostprocessing = 0;
		};
		EE86A4592B344BA6007BEA83 /* Resources */ = {
			isa = PBXResourcesBuildPhase;
			buildActionMask = 2147483647;
			files = (
				EE86A4662B344BA7007BEA83 /* Preview Assets.xcassets in Resources */,
				EE86A4632B344BA7007BEA83 /* Assets.xcassets in Resources */,
			);
			runOnlyForDeploymentPostprocessing = 0;
		};
/* End PBXResourcesBuildPhase section */

/* Begin PBXSourcesBuildPhase section */
		EE3194E82B6E550900A5F754 /* Sources */ = {
			isa = PBXSourcesBuildPhase;
			buildActionMask = 2147483647;
			files = (
				EE3194FA2B6E55F300A5F754 /* UtilsModelTests.swift in Sources */,
			);
			runOnlyForDeploymentPostprocessing = 0;
		};
		EE86A4572B344BA6007BEA83 /* Sources */ = {
			isa = PBXSourcesBuildPhase;
			buildActionMask = 2147483647;
			files = (
				EEEC3B122B38971600A8626D /* BillDetailViewModel.swift in Sources */,
				EE97BF922B34C32A00FA950C /* ConstituenciesViewModel.swift in Sources */,
				EE3194D52B6C181200A5F754 /* DummyNavigationLink.swift in Sources */,
				EE50F9BB2B358FA200163E52 /* MembersViewModel.swift in Sources */,
				EEEC3B1E2B38ADC500A8626D /* BillStagesView.swift in Sources */,
				EEEC3B022B38862400A8626D /* BillModel.swift in Sources */,
				EEEC3B142B3899EC00A8626D /* SponsorRow.swift in Sources */,
				EE0186222B375B66004F7F77 /* PostModel.swift in Sources */,
				EEFC7CA32B36290B00183203 /* ConstituencyElectionDetailView.swift in Sources */,
				EE3194D92B6CCBB800A5F754 /* MemberVoteModel.swift in Sources */,
				EEEC3B362B39A2C700A8626D /* VoteModel.swift in Sources */,
				EE3194E72B6E3E9C00A5F754 /* BillAmendmentsView.swift in Sources */,
				EE97BF942B34C60300FA950C /* MemberModel.swift in Sources */,
				EEEC3B3B2B39A98900A8626D /* CommonsVotesViewModel.swift in Sources */,
				EE86A4702B344D4C007BEA83 /* PartiesView.swift in Sources */,
				EE3195092B6F952700A5F754 /* MemberLordsVotesView.swift in Sources */,
				EE86A4612B344BA6007BEA83 /* ContentView.swift in Sources */,
				EE86A4722B34506F007BEA83 /* HouseModel.swift in Sources */,
				EEEC3B292B38BCD200A8626D /* BillPublicationRow.swift in Sources */,
				EEEC3B202B38AE7300A8626D /* BillStageRow.swift in Sources */,
				EE97BF8E2B34BF5E00FA950C /* ConstituencyModel.swift in Sources */,
				EE31950D2B6F959900A5F754 /* MemberLordsVoteRow.swift in Sources */,
				EE3195062B6F841700A5F754 /* LordsVoteDetailView.swift in Sources */,
				EEEC3B1B2B38A51D00A8626D /* StringExtensions.swift in Sources */,
				EE50F9BF2B35A09E00163E52 /* FetchModel.swift in Sources */,
				EE86A4742B345131007BEA83 /* PartyModel.swift in Sources */,
				EEEC3B2C2B38C06100A8626D /* BillPublicationLinksView.swift in Sources */,
				EEEC3B402B39B54200A8626D /* CommonsVoteDetailView.swift in Sources */,
				EE31950B2B6F954900A5F754 /* MemberLordsVotesViewModel.swift in Sources */,
				EE8FCD892B7FF2DA00B54609 /* DateExtensions.swift in Sources */,
				EE86A4782B34564C007BEA83 /* PartyRow.swift in Sources */,
				EEEC3B392B39A97900A8626D /* CommonsVotesView.swift in Sources */,
				EE97BF9C2B3571C800FA950C /* PartyCircleView.swift in Sources */,
				EE8F2CC92B36DA5600D771F2 /* RegisteredInterestsViewModel.swift in Sources */,
				EE208E842B7949DC005125BA /* UnifiedListViewModel.swift in Sources */,
				EE3194F82B6E55C200A5F754 /* UtilsModel.swift in Sources */,
				EE167D8E2B7A108900415100 /* UnifiedListView.swift in Sources */,
				EEFC7C9B2B36132200183203 /* MemberDetailView.swift in Sources */,
				EE2F06D02B3C50C600462D3C /* AcknowledgementsView.swift in Sources */,
				EEEC3B222B38AED000A8626D /* BillStagesViewModel.swift in Sources */,
				EEFC7C992B35B4E000183203 /* MemberPictureView.swift in Sources */,
				EEEC3B442B39B83A00A8626D /* VoterRow.swift in Sources */,
				EEEC3B272B38BAF500A8626D /* BillPublicationsViewModel.swift in Sources */,
				EE8F2CC42B36D74F00D771F2 /* RegisteredInterestsView.swift in Sources */,
				EEEC3B0D2B388FE100A8626D /* LordsBadge.swift in Sources */,
				EE0186252B38255D004F7F77 /* MemberContactView.swift in Sources */,
				EEEC3B312B3983C100A8626D /* NavigationModels.swift in Sources */,
				EEEC3B2F2B397BEA00A8626D /* ContextModel.swift in Sources */,
				EE3195012B6F80AA00A5F754 /* LordsVoteRow.swift in Sources */,
				EE8F2CC72B36D88200D771F2 /* RegisteredInterestModel.swift in Sources */,
				EE50F9C22B35A59700163E52 /* ConstituencyDetailView.swift in Sources */,
				EE50F9BD2B3592D200163E52 /* MemberRow.swift in Sources */,
				EEEC3B0B2B388F4800A8626D /* CommonsBadge.swift in Sources */,
				EE97BF962B34C6DD00FA950C /* ConstituencyRow.swift in Sources */,
				EEEC3B052B388B1900A8626D /* BillsView.swift in Sources */,
				EE3194DC2B6CD4FE00A5F754 /* MemberCommonsVotesView.swift in Sources */,
				EE3194FF2B6F808C00A5F754 /* LordsVotesViewModel.swift in Sources */,
				EEEC3B252B38BA7900A8626D /* BillPublicationsView.swift in Sources */,
				EE01861E2B375B0C004F7F77 /* PostsView.swift in Sources */,
				EE3194E52B6E3BA400A5F754 /* BillStageSittingsView.swift in Sources */,
				EE50F9B92B358F8B00163E52 /* MembersView.swift in Sources */,
				EE86A45F2B344BA6007BEA83 /* UK_ParliamentApp.swift in Sources */,
				EEEC3B072B388B2600A8626D /* BillsViewModel.swift in Sources */,
				EE3194D72B6C229200A5F754 /* NoDataView.swift in Sources */,
				EE0186292B385A4E004F7F77 /* PartyTaggedText.swift in Sources */,
				EE86A4762B3452F4007BEA83 /* PartiesViewModel.swift in Sources */,
				EEEC3B332B398ADA00A8626D /* ContextAwareNavigationLink.swift in Sources */,
				EE3194E02B6CD7CD00A5F754 /* MemberCommonsVoteRow.swift in Sources */,
				EE3194FD2B6F807900A5F754 /* LordsVotesView.swift in Sources */,
				EE3195042B6F83F800A5F754 /* LordsVoteDetailViewModel.swift in Sources */,
				EEFC7C9D2B36140400183203 /* ElectionResultModel.swift in Sources */,
				EEEC3B102B3896EF00A8626D /* BillDetailView.swift in Sources */,
				EE97BF902B34C30800FA950C /* ConstituenciesView.swift in Sources */,
				EEEC3B162B389F9D00A8626D /* BillStageBadge.swift in Sources */,
				EE29CCC42B6059E10027CBA4 /* ListExtensions.swift in Sources */,
				EE0186202B375B4D004F7F77 /* PostsViewModel.swift in Sources */,
				EEEC3B422B39B55000A8626D /* CommonsVoteDetailViewModel.swift in Sources */,
				EEEC3B3D2B39AC4600A8626D /* CommonsVoteRow.swift in Sources */,
				EEEC3B092B388E5600A8626D /* BillRow.swift in Sources */,
				EE5AE8262B4C7AC000550126 /* ViewExtensions.swift in Sources */,
				EE8F2CBF2B36C53700D771F2 /* MemberDetailViewModel.swift in Sources */,
				EEEC3B192B38A3FD00A8626D /* ColorExtensions.swift in Sources */,
				EE3194DE2B6CD52400A5F754 /* MemberCommonsVotesViewModel.swift in Sources */,
				EE8F2CBD2B36341300D771F2 /* ConstituencyElectionDetailViewModel.swift in Sources */,
				EEFC7C9F2B3615AD00183203 /* ConstituencyDetailViewModel.swift in Sources */,
				EE0186272B38258B004F7F77 /* MemberContactViewModel.swift in Sources */,
			);
			runOnlyForDeploymentPostprocessing = 0;
		};
/* End PBXSourcesBuildPhase section */

/* Begin PBXTargetDependency section */
		EE3194F12B6E550900A5F754 /* PBXTargetDependency */ = {
			isa = PBXTargetDependency;
			target = EE86A45A2B344BA6007BEA83 /* UK Parliament */;
			targetProxy = EE3194F02B6E550900A5F754 /* PBXContainerItemProxy */;
		};
/* End PBXTargetDependency section */

/* Begin XCBuildConfiguration section */
		EE3194F32B6E550900A5F754 /* Debug */ = {
			isa = XCBuildConfiguration;
			buildSettings = {
				BUNDLE_LOADER = "$(TEST_HOST)";
				CLANG_ENABLE_MODULES = YES;
				CODE_SIGN_STYLE = Automatic;
				CURRENT_PROJECT_VERSION = 1;
				DEVELOPMENT_TEAM = 53MK4G2GN4;
				GENERATE_INFOPLIST_FILE = YES;
				IPHONEOS_DEPLOYMENT_TARGET = 17.2;
				MARKETING_VERSION = 1.0;
				PRODUCT_BUNDLE_IDENTIFIER = uk.co.vsanth.UKParliamentTests;
				PRODUCT_NAME = "$(TARGET_NAME)";
				SWIFT_EMIT_LOC_STRINGS = NO;
				SWIFT_OPTIMIZATION_LEVEL = "-Onone";
				SWIFT_VERSION = 5.0;
				TARGETED_DEVICE_FAMILY = "1,2";
				TEST_HOST = "$(BUILT_PRODUCTS_DIR)/UK Parliament.app/$(BUNDLE_EXECUTABLE_FOLDER_PATH)/UK Parliament";
			};
			name = Debug;
		};
		EE3194F42B6E550900A5F754 /* Release */ = {
			isa = XCBuildConfiguration;
			buildSettings = {
				BUNDLE_LOADER = "$(TEST_HOST)";
				CLANG_ENABLE_MODULES = YES;
				CODE_SIGN_STYLE = Automatic;
				CURRENT_PROJECT_VERSION = 1;
				DEVELOPMENT_TEAM = 53MK4G2GN4;
				GENERATE_INFOPLIST_FILE = YES;
				IPHONEOS_DEPLOYMENT_TARGET = 17.2;
				MARKETING_VERSION = 1.0;
				PRODUCT_BUNDLE_IDENTIFIER = uk.co.vsanth.UKParliamentTests;
				PRODUCT_NAME = "$(TARGET_NAME)";
				SWIFT_EMIT_LOC_STRINGS = NO;
				SWIFT_VERSION = 5.0;
				TARGETED_DEVICE_FAMILY = "1,2";
				TEST_HOST = "$(BUILT_PRODUCTS_DIR)/UK Parliament.app/$(BUNDLE_EXECUTABLE_FOLDER_PATH)/UK Parliament";
			};
			name = Release;
		};
		EE86A4672B344BA7007BEA83 /* Debug */ = {
			isa = XCBuildConfiguration;
			buildSettings = {
				ALWAYS_SEARCH_USER_PATHS = NO;
				ASSETCATALOG_COMPILER_GENERATE_SWIFT_ASSET_SYMBOL_EXTENSIONS = YES;
				CLANG_ANALYZER_NONNULL = YES;
				CLANG_ANALYZER_NUMBER_OBJECT_CONVERSION = YES_AGGRESSIVE;
				CLANG_CXX_LANGUAGE_STANDARD = "gnu++20";
				CLANG_ENABLE_MODULES = YES;
				CLANG_ENABLE_OBJC_ARC = YES;
				CLANG_ENABLE_OBJC_WEAK = YES;
				CLANG_WARN_BLOCK_CAPTURE_AUTORELEASING = YES;
				CLANG_WARN_BOOL_CONVERSION = YES;
				CLANG_WARN_COMMA = YES;
				CLANG_WARN_CONSTANT_CONVERSION = YES;
				CLANG_WARN_DEPRECATED_OBJC_IMPLEMENTATIONS = YES;
				CLANG_WARN_DIRECT_OBJC_ISA_USAGE = YES_ERROR;
				CLANG_WARN_DOCUMENTATION_COMMENTS = YES;
				CLANG_WARN_EMPTY_BODY = YES;
				CLANG_WARN_ENUM_CONVERSION = YES;
				CLANG_WARN_INFINITE_RECURSION = YES;
				CLANG_WARN_INT_CONVERSION = YES;
				CLANG_WARN_NON_LITERAL_NULL_CONVERSION = YES;
				CLANG_WARN_OBJC_IMPLICIT_RETAIN_SELF = YES;
				CLANG_WARN_OBJC_LITERAL_CONVERSION = YES;
				CLANG_WARN_OBJC_ROOT_CLASS = YES_ERROR;
				CLANG_WARN_QUOTED_INCLUDE_IN_FRAMEWORK_HEADER = YES;
				CLANG_WARN_RANGE_LOOP_ANALYSIS = YES;
				CLANG_WARN_STRICT_PROTOTYPES = YES;
				CLANG_WARN_SUSPICIOUS_MOVE = YES;
				CLANG_WARN_UNGUARDED_AVAILABILITY = YES_AGGRESSIVE;
				CLANG_WARN_UNREACHABLE_CODE = YES;
				CLANG_WARN__DUPLICATE_METHOD_MATCH = YES;
				COPY_PHASE_STRIP = NO;
				DEBUG_INFORMATION_FORMAT = dwarf;
				ENABLE_STRICT_OBJC_MSGSEND = YES;
				ENABLE_TESTABILITY = YES;
				ENABLE_USER_SCRIPT_SANDBOXING = YES;
				GCC_C_LANGUAGE_STANDARD = gnu17;
				GCC_DYNAMIC_NO_PIC = NO;
				GCC_NO_COMMON_BLOCKS = YES;
				GCC_OPTIMIZATION_LEVEL = 0;
				GCC_PREPROCESSOR_DEFINITIONS = (
					"DEBUG=1",
					"$(inherited)",
				);
				GCC_WARN_64_TO_32_BIT_CONVERSION = YES;
				GCC_WARN_ABOUT_RETURN_TYPE = YES_ERROR;
				GCC_WARN_UNDECLARED_SELECTOR = YES;
				GCC_WARN_UNINITIALIZED_AUTOS = YES_AGGRESSIVE;
				GCC_WARN_UNUSED_FUNCTION = YES;
				GCC_WARN_UNUSED_VARIABLE = YES;
				IPHONEOS_DEPLOYMENT_TARGET = 17.0;
				LOCALIZATION_PREFERS_STRING_CATALOGS = YES;
				MTL_ENABLE_DEBUG_INFO = INCLUDE_SOURCE;
				MTL_FAST_MATH = YES;
				ONLY_ACTIVE_ARCH = YES;
				SDKROOT = iphoneos;
				SWIFT_ACTIVE_COMPILATION_CONDITIONS = "DEBUG $(inherited)";
				SWIFT_OPTIMIZATION_LEVEL = "-Onone";
			};
			name = Debug;
		};
		EE86A4682B344BA7007BEA83 /* Release */ = {
			isa = XCBuildConfiguration;
			buildSettings = {
				ALWAYS_SEARCH_USER_PATHS = NO;
				ASSETCATALOG_COMPILER_GENERATE_SWIFT_ASSET_SYMBOL_EXTENSIONS = YES;
				CLANG_ANALYZER_NONNULL = YES;
				CLANG_ANALYZER_NUMBER_OBJECT_CONVERSION = YES_AGGRESSIVE;
				CLANG_CXX_LANGUAGE_STANDARD = "gnu++20";
				CLANG_ENABLE_MODULES = YES;
				CLANG_ENABLE_OBJC_ARC = YES;
				CLANG_ENABLE_OBJC_WEAK = YES;
				CLANG_WARN_BLOCK_CAPTURE_AUTORELEASING = YES;
				CLANG_WARN_BOOL_CONVERSION = YES;
				CLANG_WARN_COMMA = YES;
				CLANG_WARN_CONSTANT_CONVERSION = YES;
				CLANG_WARN_DEPRECATED_OBJC_IMPLEMENTATIONS = YES;
				CLANG_WARN_DIRECT_OBJC_ISA_USAGE = YES_ERROR;
				CLANG_WARN_DOCUMENTATION_COMMENTS = YES;
				CLANG_WARN_EMPTY_BODY = YES;
				CLANG_WARN_ENUM_CONVERSION = YES;
				CLANG_WARN_INFINITE_RECURSION = YES;
				CLANG_WARN_INT_CONVERSION = YES;
				CLANG_WARN_NON_LITERAL_NULL_CONVERSION = YES;
				CLANG_WARN_OBJC_IMPLICIT_RETAIN_SELF = YES;
				CLANG_WARN_OBJC_LITERAL_CONVERSION = YES;
				CLANG_WARN_OBJC_ROOT_CLASS = YES_ERROR;
				CLANG_WARN_QUOTED_INCLUDE_IN_FRAMEWORK_HEADER = YES;
				CLANG_WARN_RANGE_LOOP_ANALYSIS = YES;
				CLANG_WARN_STRICT_PROTOTYPES = YES;
				CLANG_WARN_SUSPICIOUS_MOVE = YES;
				CLANG_WARN_UNGUARDED_AVAILABILITY = YES_AGGRESSIVE;
				CLANG_WARN_UNREACHABLE_CODE = YES;
				CLANG_WARN__DUPLICATE_METHOD_MATCH = YES;
				COPY_PHASE_STRIP = NO;
				DEBUG_INFORMATION_FORMAT = "dwarf-with-dsym";
				ENABLE_NS_ASSERTIONS = NO;
				ENABLE_STRICT_OBJC_MSGSEND = YES;
				ENABLE_USER_SCRIPT_SANDBOXING = YES;
				GCC_C_LANGUAGE_STANDARD = gnu17;
				GCC_NO_COMMON_BLOCKS = YES;
				GCC_WARN_64_TO_32_BIT_CONVERSION = YES;
				GCC_WARN_ABOUT_RETURN_TYPE = YES_ERROR;
				GCC_WARN_UNDECLARED_SELECTOR = YES;
				GCC_WARN_UNINITIALIZED_AUTOS = YES_AGGRESSIVE;
				GCC_WARN_UNUSED_FUNCTION = YES;
				GCC_WARN_UNUSED_VARIABLE = YES;
				IPHONEOS_DEPLOYMENT_TARGET = 17.0;
				LOCALIZATION_PREFERS_STRING_CATALOGS = YES;
				MTL_ENABLE_DEBUG_INFO = NO;
				MTL_FAST_MATH = YES;
				SDKROOT = iphoneos;
				SWIFT_COMPILATION_MODE = wholemodule;
				VALIDATE_PRODUCT = YES;
			};
			name = Release;
		};
		EE86A46A2B344BA7007BEA83 /* Debug */ = {
			isa = XCBuildConfiguration;
			buildSettings = {
				ASSETCATALOG_COMPILER_APPICON_NAME = AppIcon;
				ASSETCATALOG_COMPILER_GLOBAL_ACCENT_COLOR_NAME = AccentColor;
				CODE_SIGN_STYLE = Automatic;
				CURRENT_PROJECT_VERSION = 8;
				DEVELOPMENT_ASSET_PATHS = "\"UK Parliament/Preview Content\"";
				DEVELOPMENT_TEAM = 53MK4G2GN4;
				ENABLE_PREVIEWS = YES;
				GENERATE_INFOPLIST_FILE = YES;
				INFOPLIST_FILE = "UK-Parliament-Info.plist";
				INFOPLIST_KEY_UIApplicationSceneManifest_Generation = YES;
				INFOPLIST_KEY_UIApplicationSupportsIndirectInputEvents = YES;
				INFOPLIST_KEY_UILaunchScreen_Generation = YES;
				INFOPLIST_KEY_UISupportedInterfaceOrientations_iPad = "UIInterfaceOrientationPortrait UIInterfaceOrientationPortraitUpsideDown UIInterfaceOrientationLandscapeLeft UIInterfaceOrientationLandscapeRight";
				INFOPLIST_KEY_UISupportedInterfaceOrientations_iPhone = "UIInterfaceOrientationPortrait UIInterfaceOrientationLandscapeLeft UIInterfaceOrientationLandscapeRight";
				LD_RUNPATH_SEARCH_PATHS = (
					"$(inherited)",
					"@executable_path/Frameworks",
				);
				MARKETING_VERSION = 2024.7;
				PRODUCT_BUNDLE_IDENTIFIER = "uk.co.vsanth.UK-Parliament";
				PRODUCT_NAME = "$(TARGET_NAME)";
				SUPPORTED_PLATFORMS = "iphoneos iphonesimulator";
				SUPPORTS_MACCATALYST = NO;
				SUPPORTS_MAC_DESIGNED_FOR_IPHONE_IPAD = NO;
				SUPPORTS_XR_DESIGNED_FOR_IPHONE_IPAD = NO;
				SWIFT_EMIT_LOC_STRINGS = YES;
				SWIFT_VERSION = 5.0;
				TARGETED_DEVICE_FAMILY = 1;
			};
			name = Debug;
		};
		EE86A46B2B344BA7007BEA83 /* Release */ = {
			isa = XCBuildConfiguration;
			buildSettings = {
				ASSETCATALOG_COMPILER_APPICON_NAME = AppIcon;
				ASSETCATALOG_COMPILER_GLOBAL_ACCENT_COLOR_NAME = AccentColor;
				CODE_SIGN_STYLE = Automatic;
				CURRENT_PROJECT_VERSION = 8;
				DEVELOPMENT_ASSET_PATHS = "\"UK Parliament/Preview Content\"";
				DEVELOPMENT_TEAM = 53MK4G2GN4;
				ENABLE_PREVIEWS = YES;
				GENERATE_INFOPLIST_FILE = YES;
				INFOPLIST_FILE = "UK-Parliament-Info.plist";
				INFOPLIST_KEY_UIApplicationSceneManifest_Generation = YES;
				INFOPLIST_KEY_UIApplicationSupportsIndirectInputEvents = YES;
				INFOPLIST_KEY_UILaunchScreen_Generation = YES;
				INFOPLIST_KEY_UISupportedInterfaceOrientations_iPad = "UIInterfaceOrientationPortrait UIInterfaceOrientationPortraitUpsideDown UIInterfaceOrientationLandscapeLeft UIInterfaceOrientationLandscapeRight";
				INFOPLIST_KEY_UISupportedInterfaceOrientations_iPhone = "UIInterfaceOrientationPortrait UIInterfaceOrientationLandscapeLeft UIInterfaceOrientationLandscapeRight";
				LD_RUNPATH_SEARCH_PATHS = (
					"$(inherited)",
					"@executable_path/Frameworks",
				);
				MARKETING_VERSION = 2024.7;
				PRODUCT_BUNDLE_IDENTIFIER = "uk.co.vsanth.UK-Parliament";
				PRODUCT_NAME = "$(TARGET_NAME)";
				SUPPORTED_PLATFORMS = "iphoneos iphonesimulator";
				SUPPORTS_MACCATALYST = NO;
				SUPPORTS_MAC_DESIGNED_FOR_IPHONE_IPAD = NO;
				SUPPORTS_XR_DESIGNED_FOR_IPHONE_IPAD = NO;
				SWIFT_EMIT_LOC_STRINGS = YES;
				SWIFT_VERSION = 5.0;
				TARGETED_DEVICE_FAMILY = 1;
			};
			name = Release;
		};
/* End XCBuildConfiguration section */

/* Begin XCConfigurationList section */
		EE3194F22B6E550900A5F754 /* Build configuration list for PBXNativeTarget "UKParliamentTests" */ = {
			isa = XCConfigurationList;
			buildConfigurations = (
				EE3194F32B6E550900A5F754 /* Debug */,
				EE3194F42B6E550900A5F754 /* Release */,
			);
			defaultConfigurationIsVisible = 0;
			defaultConfigurationName = Release;
		};
		EE86A4562B344BA6007BEA83 /* Build configuration list for PBXProject "UK Parliament" */ = {
			isa = XCConfigurationList;
			buildConfigurations = (
				EE86A4672B344BA7007BEA83 /* Debug */,
				EE86A4682B344BA7007BEA83 /* Release */,
			);
			defaultConfigurationIsVisible = 0;
			defaultConfigurationName = Release;
		};
		EE86A4692B344BA7007BEA83 /* Build configuration list for PBXNativeTarget "UK Parliament" */ = {
			isa = XCConfigurationList;
			buildConfigurations = (
				EE86A46A2B344BA7007BEA83 /* Debug */,
				EE86A46B2B344BA7007BEA83 /* Release */,
			);
			defaultConfigurationIsVisible = 0;
			defaultConfigurationName = Release;
		};
/* End XCConfigurationList section */

/* Begin XCRemoteSwiftPackageReference section */
		EE020BC22B618A94004C893B /* XCRemoteSwiftPackageReference "SkeletonUI" */ = {
			isa = XCRemoteSwiftPackageReference;
			repositoryURL = "https://github.com/CSolanaM/SkeletonUI";
			requirement = {
				kind = upToNextMajorVersion;
				minimumVersion = 2.0.1;
			};
		};
/* End XCRemoteSwiftPackageReference section */

/* Begin XCSwiftPackageProductDependency section */
		EE020BC32B618A94004C893B /* SkeletonUI */ = {
			isa = XCSwiftPackageProductDependency;
			package = EE020BC22B618A94004C893B /* XCRemoteSwiftPackageReference "SkeletonUI" */;
			productName = SkeletonUI;
		};
/* End XCSwiftPackageProductDependency section */
	};
	rootObject = EE86A4532B344BA6007BEA83 /* Project object */;
}
